
Microsoft Visual Studio Solution File, Format Version 12.00
# Visual Studio Version 17
VisualStudioVersion = 17.6.33723.286
MinimumVisualStudioVersion = 10.0.40219.1
Project("{FAE04EC0-301F-11D3-BF4B-00C04F79EFBC}") = "MarketPlace.Presentation", "MarketPlace.Presentation.csproj", "{CC4702FF-E84A-44C2-BFA8-1946D0202939}"
EndProject
Global
	GlobalSection(SolutionConfigurationPlatforms) = preSolution
		Debug|Any CPU = Debug|Any CPU
		Release|Any CPU = Release|Any CPU
	EndGlobalSection
	GlobalSection(ProjectConfigurationPlatforms) = postSolution
		{CC4702FF-E84A-44C2-BFA8-1946D0202939}.Debug|Any CPU.ActiveCfg = Debug|Any CPU
		{CC4702FF-E84A-44C2-BFA8-1946D0202939}.Debug|Any CPU.Build.0 = Debug|Any CPU
		{CC4702FF-E84A-44C2-BFA8-1946D0202939}.Release|Any CPU.ActiveCfg = Release|Any CPU
		{CC4702FF-E84A-44C2-BFA8-1946D0202939}.Release|Any CPU.Build.0 = Release|Any CPU
	EndGlobalSection
	GlobalSection(SolutionProperties) = preSolution
		HideSolutionNode = FALSE
	EndGlobalSection
	GlobalSection(ExtensibilityGlobals) = postSolution
		SolutionGuid = {16BC6634-629D-4BD5-8AFC-AC1D1F204019}
	EndGlobalSection
EndGlobal
