
Microsoft Visual Studio Solution File, Format Version 12.00
# Visual Studio Version 17
VisualStudioVersion = 17.6.33723.286
MinimumVisualStudioVersion = 10.0.40219.1
Project("{FAE04EC0-301F-11D3-BF4B-00C04F79EFBC}") = "MarketplaceApp", "MarketplaceApp.csproj", "{02E8472E-D8A9-4407-B017-EB4915396B80}"
EndProject
Global
	GlobalSection(SolutionConfigurationPlatforms) = preSolution
		Debug|Any CPU = Debug|Any CPU
		Release|Any CPU = Release|Any CPU
	EndGlobalSection
	GlobalSection(ProjectConfigurationPlatforms) = postSolution
		{02E8472E-D8A9-4407-B017-EB4915396B80}.Debug|Any CPU.ActiveCfg = Debug|Any CPU
		{02E8472E-D8A9-4407-B017-EB4915396B80}.Debug|Any CPU.Build.0 = Debug|Any CPU
		{02E8472E-D8A9-4407-B017-EB4915396B80}.Release|Any CPU.ActiveCfg = Release|Any CPU
		{02E8472E-D8A9-4407-B017-EB4915396B80}.Release|Any CPU.Build.0 = Release|Any CPU
	EndGlobalSection
	GlobalSection(SolutionProperties) = preSolution
		HideSolutionNode = FALSE
	EndGlobalSection
	GlobalSection(ExtensibilityGlobals) = postSolution
		SolutionGuid = {AF70DD0D-FF78-4F92-B318-6162BF67F7CE}
	EndGlobalSection
EndGlobal
